
Microsoft Visual Studio Solution File, Format Version 12.00
# Visual Studio Version 17
VisualStudioVersion = 17.2.32630.192
MinimumVisualStudioVersion = 10.0.40219.1
Project("{9A19103F-16F7-4668-BE54-9A1E7A4F7556}") = "Eips.Globalization.Supported", "Eips.Globalization.Supported\Eips.Globalization.Supported.csproj", "{795E9B7C-83C3-465A-B252-D565DA039509}"
EndProject
Project("{9A19103F-16F7-4668-BE54-9A1E7A4F7556}") = "Eips.Core.Abstractions", "Eips.Core.Abstractions\Eips.Core.Abstractions.csproj", "{CFB65D39-35A2-4663-823F-7FF62C8FC69B}"
EndProject
Project("{9A19103F-16F7-4668-BE54-9A1E7A4F7556}") = "Eips.Common", "Eips.Common\Eips.Common.csproj", "{EB47B26B-21E3-472C-8B28-8647FCCE4C93}"
EndProject
Project("{9A19103F-16F7-4668-BE54-9A1E7A4F7556}") = "Eips.Core", "Eips.Core\Eips.Core.csproj", "{B97F5A27-9984-49FE-A51C-5F5E7A5CBCBE}"
EndProject
Project("{9A19103F-16F7-4668-BE54-9A1E7A4F7556}") = "Eips.Extensions.Hashid", "Eips.Extensions.Hashid\Eips.Extensions.Hashid.csproj", "{231DD440-68EA-4556-8AA3-209046452355}"
EndProject
Project("{9A19103F-16F7-4668-BE54-9A1E7A4F7556}") = "Eips.Extensions.Serializations.NewtonsoftJson", "Eips.Extensions.Serializations.NewtonsoftJson\Eips.Extensions.Serializations.NewtonsoftJson.csproj", "{98A3C93A-580C-4781-B7D9-191ADC32927D}"
EndProject
Project("{9A19103F-16F7-4668-BE54-9A1E7A4F7556}") = "Eips.Configuration", "Eips.Configuration\Eips.Configuration.csproj", "{0E7175DD-82CA-4B2D-8994-3EC72E68F862}"
EndProject
Project("{9A19103F-16F7-4668-BE54-9A1E7A4F7556}") = "Eips.Configuration.Abstractions", "Eips.Configuration.Abstractions\Eips.Configuration.Abstractions.csproj", "{AE9587B1-B6DF-4896-B466-03A1D37EADE4}"
EndProject
Project("{9A19103F-16F7-4668-BE54-9A1E7A4F7556}") = "Eips.Options", "Eips.Options\Eips.Options.csproj", "{0747390D-0184-4822-9635-6E4DD349542C}"
EndProject
Project("{9A19103F-16F7-4668-BE54-9A1E7A4F7556}") = "Eips.Extensions.NanoIdGenerateUtilities", "Eips.Extensions.NanoIdGenerateUtilities\Eips.Extensions.NanoIdGenerateUtilities.csproj", "{97B2806B-B3D9-4684-BD07-690D801A10B8}"
EndProject
Global
	GlobalSection(SolutionConfigurationPlatforms) = preSolution
		Debug|Any CPU = Debug|Any CPU
		Release|Any CPU = Release|Any CPU
	EndGlobalSection
	GlobalSection(ProjectConfigurationPlatforms) = postSolution
		{795E9B7C-83C3-465A-B252-D565DA039509}.Debug|Any CPU.ActiveCfg = Debug|Any CPU
		{795E9B7C-83C3-465A-B252-D565DA039509}.Debug|Any CPU.Build.0 = Debug|Any CPU
		{795E9B7C-83C3-465A-B252-D565DA039509}.Release|Any CPU.ActiveCfg = Release|Any CPU
		{795E9B7C-83C3-465A-B252-D565DA039509}.Release|Any CPU.Build.0 = Release|Any CPU
		{CFB65D39-35A2-4663-823F-7FF62C8FC69B}.Debug|Any CPU.ActiveCfg = Debug|Any CPU
		{CFB65D39-35A2-4663-823F-7FF62C8FC69B}.Debug|Any CPU.Build.0 = Debug|Any CPU
		{CFB65D39-35A2-4663-823F-7FF62C8FC69B}.Release|Any CPU.ActiveCfg = Release|Any CPU
		{CFB65D39-35A2-4663-823F-7FF62C8FC69B}.Release|Any CPU.Build.0 = Release|Any CPU
		{EB47B26B-21E3-472C-8B28-8647FCCE4C93}.Debug|Any CPU.ActiveCfg = Debug|Any CPU
		{EB47B26B-21E3-472C-8B28-8647FCCE4C93}.Debug|Any CPU.Build.0 = Debug|Any CPU
		{EB47B26B-21E3-472C-8B28-8647FCCE4C93}.Release|Any CPU.ActiveCfg = Release|Any CPU
		{EB47B26B-21E3-472C-8B28-8647FCCE4C93}.Release|Any CPU.Build.0 = Release|Any CPU
		{B97F5A27-9984-49FE-A51C-5F5E7A5CBCBE}.Debug|Any CPU.ActiveCfg = Debug|Any CPU
		{B97F5A27-9984-49FE-A51C-5F5E7A5CBCBE}.Debug|Any CPU.Build.0 = Debug|Any CPU
		{B97F5A27-9984-49FE-A51C-5F5E7A5CBCBE}.Release|Any CPU.ActiveCfg = Release|Any CPU
		{B97F5A27-9984-49FE-A51C-5F5E7A5CBCBE}.Release|Any CPU.Build.0 = Release|Any CPU
		{231DD440-68EA-4556-8AA3-209046452355}.Debug|Any CPU.ActiveCfg = Debug|Any CPU
		{231DD440-68EA-4556-8AA3-209046452355}.Debug|Any CPU.Build.0 = Debug|Any CPU
		{231DD440-68EA-4556-8AA3-209046452355}.Release|Any CPU.ActiveCfg = Release|Any CPU
		{231DD440-68EA-4556-8AA3-209046452355}.Release|Any CPU.Build.0 = Release|Any CPU
		{98A3C93A-580C-4781-B7D9-191ADC32927D}.Debug|Any CPU.ActiveCfg = Debug|Any CPU
		{98A3C93A-580C-4781-B7D9-191ADC32927D}.Debug|Any CPU.Build.0 = Debug|Any CPU
		{98A3C93A-580C-4781-B7D9-191ADC32927D}.Release|Any CPU.ActiveCfg = Release|Any CPU
		{98A3C93A-580C-4781-B7D9-191ADC32927D}.Release|Any CPU.Build.0 = Release|Any CPU
		{0E7175DD-82CA-4B2D-8994-3EC72E68F862}.Debug|Any CPU.ActiveCfg = Debug|Any CPU
		{0E7175DD-82CA-4B2D-8994-3EC72E68F862}.Debug|Any CPU.Build.0 = Debug|Any CPU
		{0E7175DD-82CA-4B2D-8994-3EC72E68F862}.Release|Any CPU.ActiveCfg = Release|Any CPU
		{0E7175DD-82CA-4B2D-8994-3EC72E68F862}.Release|Any CPU.Build.0 = Release|Any CPU
		{AE9587B1-B6DF-4896-B466-03A1D37EADE4}.Debug|Any CPU.ActiveCfg = Debug|Any CPU
		{AE9587B1-B6DF-4896-B466-03A1D37EADE4}.Debug|Any CPU.Build.0 = Debug|Any CPU
		{AE9587B1-B6DF-4896-B466-03A1D37EADE4}.Release|Any CPU.ActiveCfg = Release|Any CPU
		{AE9587B1-B6DF-4896-B466-03A1D37EADE4}.Release|Any CPU.Build.0 = Release|Any CPU
		{0747390D-0184-4822-9635-6E4DD349542C}.Debug|Any CPU.ActiveCfg = Debug|Any CPU
		{0747390D-0184-4822-9635-6E4DD349542C}.Debug|Any CPU.Build.0 = Debug|Any CPU
		{0747390D-0184-4822-9635-6E4DD349542C}.Release|Any CPU.ActiveCfg = Release|Any CPU
		{0747390D-0184-4822-9635-6E4DD349542C}.Release|Any CPU.Build.0 = Release|Any CPU
		{97B2806B-B3D9-4684-BD07-690D801A10B8}.Debug|Any CPU.ActiveCfg = Debug|Any CPU
		{97B2806B-B3D9-4684-BD07-690D801A10B8}.Debug|Any CPU.Build.0 = Debug|Any CPU
		{97B2806B-B3D9-4684-BD07-690D801A10B8}.Release|Any CPU.ActiveCfg = Release|Any CPU
		{97B2806B-B3D9-4684-BD07-690D801A10B8}.Release|Any CPU.Build.0 = Release|Any CPU
	EndGlobalSection
	GlobalSection(SolutionProperties) = preSolution
		HideSolutionNode = FALSE
	EndGlobalSection
	GlobalSection(ExtensibilityGlobals) = postSolution
		SolutionGuid = {D210EF73-BAAF-4871-9344-4BE9816F6ADA}
		RESX_NeutralResourcesLanguage = zh-Hans
	EndGlobalSection
EndGlobal
