
Microsoft Visual Studio Solution File, Format Version 12.00
# Visual Studio Version 17
VisualStudioVersion = 17.2.32630.192
MinimumVisualStudioVersion = 10.0.40219.1
Project("{9A19103F-16F7-4668-BE54-9A1E7A4F7556}") = "Eips.Globalization.Supported", "Eips.Globalization.Supported\Eips.Globalization.Supported.csproj", "{795E9B7C-83C3-465A-B252-D565DA039509}"
EndProject
Global
	GlobalSection(SolutionConfigurationPlatforms) = preSolution
		Debug|Any CPU = Debug|Any CPU
		Release|Any CPU = Release|Any CPU
	EndGlobalSection
	GlobalSection(ProjectConfigurationPlatforms) = postSolution
		{795E9B7C-83C3-465A-B252-D565DA039509}.Debug|Any CPU.ActiveCfg = Debug|Any CPU
		{795E9B7C-83C3-465A-B252-D565DA039509}.Debug|Any CPU.Build.0 = Debug|Any CPU
		{795E9B7C-83C3-465A-B252-D565DA039509}.Release|Any CPU.ActiveCfg = Release|Any CPU
		{795E9B7C-83C3-465A-B252-D565DA039509}.Release|Any CPU.Build.0 = Release|Any CPU
	EndGlobalSection
	GlobalSection(SolutionProperties) = preSolution
		HideSolutionNode = FALSE
	EndGlobalSection
	GlobalSection(ExtensibilityGlobals) = postSolution
		RESX_NeutralResourcesLanguage = zh-Hans
		SolutionGuid = {D210EF73-BAAF-4871-9344-4BE9816F6ADA}
	EndGlobalSection
EndGlobal
